
Microsoft Visual Studio Solution File, Format Version 12.00
# Visual Studio Version 17
VisualStudioVersion = 17.5.002.0
MinimumVisualStudioVersion = 10.0.40219.1
Project("{FAE04EC0-301F-11D3-BF4B-00C04F79EFBC}") = "SlotGame", "SlotGame\SlotGame.csproj", "{A5921BB5-F43A-4B5B-91E0-BFCC37F255EE}"
EndProject
Global
	GlobalSection(SolutionConfigurationPlatforms) = preSolution
		Debug|Any CPU = Debug|Any CPU
		Release|Any CPU = Release|Any CPU
	EndGlobalSection
	GlobalSection(ProjectConfigurationPlatforms) = postSolution
		{E4D9A797-F058-4CD7-8F2A-E06C527689AB}.Debug|Any CPU.ActiveCfg = Debug|Any CPU
		{E4D9A797-F058-4CD7-8F2A-E06C527689AB}.Debug|Any CPU.Build.0 = Debug|Any CPU
		{E4D9A797-F058-4CD7-8F2A-E06C527689AB}.Release|Any CPU.ActiveCfg = Release|Any CPU
		{E4D9A797-F058-4CD7-8F2A-E06C527689AB}.Release|Any CPU.Build.0 = Release|Any CPU
		{A5921BB5-F43A-4B5B-91E0-BFCC37F255EE}.Debug|Any CPU.ActiveCfg = Debug|Any CPU
		{A5921BB5-F43A-4B5B-91E0-BFCC37F255EE}.Debug|Any CPU.Build.0 = Debug|Any CPU
		{A5921BB5-F43A-4B5B-91E0-BFCC37F255EE}.Release|Any CPU.ActiveCfg = Release|Any CPU
		{A5921BB5-F43A-4B5B-91E0-BFCC37F255EE}.Release|Any CPU.Build.0 = Release|Any CPU
	EndGlobalSection
	GlobalSection(SolutionProperties) = preSolution
		HideSolutionNode = FALSE
	EndGlobalSection
	GlobalSection(ExtensibilityGlobals) = postSolution
		SolutionGuid = {500567B2-881F-47ED-B86F-03281084367C}
	EndGlobalSection
EndGlobal
